// !$*UTF8*$!
{
	archiveVersion = 1;
	classes = {
	};
	objectVersion = 56;
	objects = {

/* Begin PBXBuildFile section */
		271AFF582AA8866200610D8B /* NetworkService.swift in Sources */ = {isa = PBXBuildFile; fileRef = 271AFF572AA8866200610D8B /* NetworkService.swift */; };
		271AFF5B2AA8AC6D00610D8B /* LoginResponse.swift in Sources */ = {isa = PBXBuildFile; fileRef = 271AFF5A2AA8AC6D00610D8B /* LoginResponse.swift */; };
		271AFF5F2AA8ACB900610D8B /* LoginRequestModel.swift in Sources */ = {isa = PBXBuildFile; fileRef = 271AFF5E2AA8ACB900610D8B /* LoginRequestModel.swift */; };
		271AFF622AA8ACEC00610D8B /* EndpointProtocol.swift in Sources */ = {isa = PBXBuildFile; fileRef = 271AFF612AA8ACEC00610D8B /* EndpointProtocol.swift */; };
		271AFF642AA8ADA000610D8B /* AuthEndpoint.swift in Sources */ = {isa = PBXBuildFile; fileRef = 271AFF632AA8ADA000610D8B /* AuthEndpoint.swift */; };
		271AFF662AA8AF8F00610D8B /* RequestModelProtocol.swift in Sources */ = {isa = PBXBuildFile; fileRef = 271AFF652AA8AF8F00610D8B /* RequestModelProtocol.swift */; };
		271AFF692AA8AFB500610D8B /* AppError.swift in Sources */ = {isa = PBXBuildFile; fileRef = 271AFF682AA8AFB500610D8B /* AppError.swift */; };
		271AFF6B2AA8B05500610D8B /* KeychainManager.swift in Sources */ = {isa = PBXBuildFile; fileRef = 271AFF6A2AA8B05500610D8B /* KeychainManager.swift */; };
		271AFF732AA8B65800610D8B /* AuthRemoteDataSourceProtocol.swift in Sources */ = {isa = PBXBuildFile; fileRef = 271AFF722AA8B65800610D8B /* AuthRemoteDataSourceProtocol.swift */; };
		271AFF752AA8B66400610D8B /* AuthRemoteDataSource.swift in Sources */ = {isa = PBXBuildFile; fileRef = 271AFF742AA8B66400610D8B /* AuthRemoteDataSource.swift */; };
		271AFF782AA8B80500610D8B /* AuthRepository.swift in Sources */ = {isa = PBXBuildFile; fileRef = 271AFF772AA8B80500610D8B /* AuthRepository.swift */; };
		271AFF7A2AA8B80F00610D8B /* AuthRepositoryProtocol.swift in Sources */ = {isa = PBXBuildFile; fileRef = 271AFF792AA8B80F00610D8B /* AuthRepositoryProtocol.swift */; };
		271AFF7D2AA8BE2700610D8B /* LoginUseCaseProtocol.swift in Sources */ = {isa = PBXBuildFile; fileRef = 271AFF7C2AA8BE2700610D8B /* LoginUseCaseProtocol.swift */; };
		271AFF7F2AA8BE3700610D8B /* LoginUseCase.swift in Sources */ = {isa = PBXBuildFile; fileRef = 271AFF7E2AA8BE3700610D8B /* LoginUseCase.swift */; };
		271AFF842AA8C32E00610D8B /* LoginViewController.swift in Sources */ = {isa = PBXBuildFile; fileRef = 271AFF822AA8C32E00610D8B /* LoginViewController.swift */; };
		271AFF852AA8C32E00610D8B /* LoginViewController.xib in Resources */ = {isa = PBXBuildFile; fileRef = 271AFF832AA8C32E00610D8B /* LoginViewController.xib */; };
		271AFF892AA8C45F00610D8B /* SubmitButton.swift in Sources */ = {isa = PBXBuildFile; fileRef = 271AFF882AA8C45F00610D8B /* SubmitButton.swift */; };
		271AFF8B2AA8D67F00610D8B /* Theme.swift in Sources */ = {isa = PBXBuildFile; fileRef = 271AFF8A2AA8D67F00610D8B /* Theme.swift */; };
		271AFF8E2AA8E25200610D8B /* FormTextField.swift in Sources */ = {isa = PBXBuildFile; fileRef = 271AFF8D2AA8E25200610D8B /* FormTextField.swift */; };
		277C108B2AA94D2A000F8DC1 /* FormLabel.swift in Sources */ = {isa = PBXBuildFile; fileRef = 277C108A2AA94D2A000F8DC1 /* FormLabel.swift */; };
		277C10BF2AA952E4000F8DC1 /* Montserrat-SemiBold.ttf in Resources */ = {isa = PBXBuildFile; fileRef = 277C10BD2AA952E4000F8DC1 /* Montserrat-SemiBold.ttf */; };
		277C10C02AA952E4000F8DC1 /* Montserrat-Regular.ttf in Resources */ = {isa = PBXBuildFile; fileRef = 277C10BE2AA952E4000F8DC1 /* Montserrat-Regular.ttf */; };
		27849ED92AA9689F0026EE9B /* RegisterViewController.swift in Sources */ = {isa = PBXBuildFile; fileRef = 27849ED72AA9689F0026EE9B /* RegisterViewController.swift */; };
		27849EDA2AA9689F0026EE9B /* RegisterViewController.xib in Resources */ = {isa = PBXBuildFile; fileRef = 27849ED82AA9689F0026EE9B /* RegisterViewController.xib */; };
		27849EDE2AA975F70026EE9B /* HomeViewController.swift in Sources */ = {isa = PBXBuildFile; fileRef = 27849EDC2AA975F70026EE9B /* HomeViewController.swift */; };
		27849EDF2AA975F70026EE9B /* HomeViewController.xib in Resources */ = {isa = PBXBuildFile; fileRef = 27849EDD2AA975F70026EE9B /* HomeViewController.xib */; };
		27849EE32AA979590026EE9B /* SideMenuViewController.swift in Sources */ = {isa = PBXBuildFile; fileRef = 27849EE12AA979590026EE9B /* SideMenuViewController.swift */; };
		27849EE42AA979590026EE9B /* SideMenuViewController.xib in Resources */ = {isa = PBXBuildFile; fileRef = 27849EE22AA979590026EE9B /* SideMenuViewController.xib */; };
		27849EE62AA980490026EE9B /* Montserrat-Bold.ttf in Resources */ = {isa = PBXBuildFile; fileRef = 27849EE52AA980480026EE9B /* Montserrat-Bold.ttf */; };
		27849EEC2AA989A20026EE9B /* MenuProfileTableViewCell.swift in Sources */ = {isa = PBXBuildFile; fileRef = 27849EEA2AA989A20026EE9B /* MenuProfileTableViewCell.swift */; };
		27849EED2AA989A20026EE9B /* MenuProfileTableViewCell.xib in Resources */ = {isa = PBXBuildFile; fileRef = 27849EEB2AA989A20026EE9B /* MenuProfileTableViewCell.xib */; };
		27849EF02AA99F6F0026EE9B /* MenuItemTableViewCell.swift in Sources */ = {isa = PBXBuildFile; fileRef = 27849EEE2AA99F6F0026EE9B /* MenuItemTableViewCell.swift */; };
		27849EF12AA99F6F0026EE9B /* MenuItemTableViewCell.xib in Resources */ = {isa = PBXBuildFile; fileRef = 27849EEF2AA99F6F0026EE9B /* MenuItemTableViewCell.xib */; };
		27849EF42AA9A26C0026EE9B /* MenuLogoutTableViewCell.swift in Sources */ = {isa = PBXBuildFile; fileRef = 27849EF22AA9A26C0026EE9B /* MenuLogoutTableViewCell.swift */; };
		27849EF52AA9A26C0026EE9B /* MenuLogoutTableViewCell.xib in Resources */ = {isa = PBXBuildFile; fileRef = 27849EF32AA9A26C0026EE9B /* MenuLogoutTableViewCell.xib */; };
		27849EF72AA9A5400026EE9B /* Montserrat-Medium.ttf in Resources */ = {isa = PBXBuildFile; fileRef = 27849EF62AA9A5400026EE9B /* Montserrat-Medium.ttf */; };
		27849EFA2AA9AC470026EE9B /* LoginViewModel.swift in Sources */ = {isa = PBXBuildFile; fileRef = 27849EF92AA9AC470026EE9B /* LoginViewModel.swift */; };
		27849EFC2AA9B3F60026EE9B /* Alert.swift in Sources */ = {isa = PBXBuildFile; fileRef = 27849EFB2AA9B3F60026EE9B /* Alert.swift */; };
		27849EFF2AA9B52F0026EE9B /* StringExt.swift in Sources */ = {isa = PBXBuildFile; fileRef = 27849EFE2AA9B52F0026EE9B /* StringExt.swift */; };
		27849F022AA9B6F60026EE9B /* HUDView.swift in Sources */ = {isa = PBXBuildFile; fileRef = 27849F012AA9B6F60026EE9B /* HUDView.swift */; };
		27849F042AA9B78E0026EE9B /* HUDLoadable.swift in Sources */ = {isa = PBXBuildFile; fileRef = 27849F032AA9B78E0026EE9B /* HUDLoadable.swift */; };
		27849F062AA9BB640026EE9B /* MenuUseCaseProtocol.swift in Sources */ = {isa = PBXBuildFile; fileRef = 27849F052AA9BB640026EE9B /* MenuUseCaseProtocol.swift */; };
		27849F082AA9BB6F0026EE9B /* MenuUseCase.swift in Sources */ = {isa = PBXBuildFile; fileRef = 27849F072AA9BB6F0026EE9B /* MenuUseCase.swift */; };
		27849F0A2AA9BC380026EE9B /* SideMenuViewModel.swift in Sources */ = {isa = PBXBuildFile; fileRef = 27849F092AA9BC380026EE9B /* SideMenuViewModel.swift */; };
		27A5365B2AA879B100B39EB7 /* AppDelegate.swift in Sources */ = {isa = PBXBuildFile; fileRef = 27A5365A2AA879B100B39EB7 /* AppDelegate.swift */; };
		27A5365D2AA879B100B39EB7 /* SceneDelegate.swift in Sources */ = {isa = PBXBuildFile; fileRef = 27A5365C2AA879B100B39EB7 /* SceneDelegate.swift */; };
		27A536642AA879B200B39EB7 /* Assets.xcassets in Resources */ = {isa = PBXBuildFile; fileRef = 27A536632AA879B200B39EB7 /* Assets.xcassets */; };
		27A536672AA879B200B39EB7 /* LaunchScreen.storyboard in Resources */ = {isa = PBXBuildFile; fileRef = 27A536652AA879B200B39EB7 /* LaunchScreen.storyboard */; };
		8CB5164D8D80F535106FBE8C /* Pods_VascommTest.framework in Frameworks */ = {isa = PBXBuildFile; fileRef = 081951732D0169E88360F480 /* Pods_VascommTest.framework */; };
/* End PBXBuildFile section */

/* Begin PBXFileReference section */
		081951732D0169E88360F480 /* Pods_VascommTest.framework */ = {isa = PBXFileReference; explicitFileType = wrapper.framework; includeInIndex = 0; path = Pods_VascommTest.framework; sourceTree = BUILT_PRODUCTS_DIR; };
		0B4C7ADF7DC6D8E69B13D9F1 /* Pods-VascommTest.release.xcconfig */ = {isa = PBXFileReference; includeInIndex = 1; lastKnownFileType = text.xcconfig; name = "Pods-VascommTest.release.xcconfig"; path = "Target Support Files/Pods-VascommTest/Pods-VascommTest.release.xcconfig"; sourceTree = "<group>"; };
		271AFF572AA8866200610D8B /* NetworkService.swift */ = {isa = PBXFileReference; lastKnownFileType = sourcecode.swift; path = NetworkService.swift; sourceTree = "<group>"; };
		271AFF5A2AA8AC6D00610D8B /* LoginResponse.swift */ = {isa = PBXFileReference; lastKnownFileType = sourcecode.swift; path = LoginResponse.swift; sourceTree = "<group>"; };
		271AFF5E2AA8ACB900610D8B /* LoginRequestModel.swift */ = {isa = PBXFileReference; lastKnownFileType = sourcecode.swift; path = LoginRequestModel.swift; sourceTree = "<group>"; };
		271AFF612AA8ACEC00610D8B /* EndpointProtocol.swift */ = {isa = PBXFileReference; lastKnownFileType = sourcecode.swift; path = EndpointProtocol.swift; sourceTree = "<group>"; };
		271AFF632AA8ADA000610D8B /* AuthEndpoint.swift */ = {isa = PBXFileReference; lastKnownFileType = sourcecode.swift; path = AuthEndpoint.swift; sourceTree = "<group>"; };
		271AFF652AA8AF8F00610D8B /* RequestModelProtocol.swift */ = {isa = PBXFileReference; lastKnownFileType = sourcecode.swift; path = RequestModelProtocol.swift; sourceTree = "<group>"; };
		271AFF682AA8AFB500610D8B /* AppError.swift */ = {isa = PBXFileReference; lastKnownFileType = sourcecode.swift; path = AppError.swift; sourceTree = "<group>"; };
		271AFF6A2AA8B05500610D8B /* KeychainManager.swift */ = {isa = PBXFileReference; lastKnownFileType = sourcecode.swift; path = KeychainManager.swift; sourceTree = "<group>"; };
		271AFF722AA8B65800610D8B /* AuthRemoteDataSourceProtocol.swift */ = {isa = PBXFileReference; lastKnownFileType = sourcecode.swift; path = AuthRemoteDataSourceProtocol.swift; sourceTree = "<group>"; };
		271AFF742AA8B66400610D8B /* AuthRemoteDataSource.swift */ = {isa = PBXFileReference; lastKnownFileType = sourcecode.swift; path = AuthRemoteDataSource.swift; sourceTree = "<group>"; };
		271AFF772AA8B80500610D8B /* AuthRepository.swift */ = {isa = PBXFileReference; lastKnownFileType = sourcecode.swift; path = AuthRepository.swift; sourceTree = "<group>"; };
		271AFF792AA8B80F00610D8B /* AuthRepositoryProtocol.swift */ = {isa = PBXFileReference; lastKnownFileType = sourcecode.swift; path = AuthRepositoryProtocol.swift; sourceTree = "<group>"; };
		271AFF7C2AA8BE2700610D8B /* LoginUseCaseProtocol.swift */ = {isa = PBXFileReference; lastKnownFileType = sourcecode.swift; path = LoginUseCaseProtocol.swift; sourceTree = "<group>"; };
		271AFF7E2AA8BE3700610D8B /* LoginUseCase.swift */ = {isa = PBXFileReference; lastKnownFileType = sourcecode.swift; path = LoginUseCase.swift; sourceTree = "<group>"; };
		271AFF822AA8C32E00610D8B /* LoginViewController.swift */ = {isa = PBXFileReference; lastKnownFileType = sourcecode.swift; path = LoginViewController.swift; sourceTree = "<group>"; };
		271AFF832AA8C32E00610D8B /* LoginViewController.xib */ = {isa = PBXFileReference; lastKnownFileType = file.xib; path = LoginViewController.xib; sourceTree = "<group>"; };
		271AFF882AA8C45F00610D8B /* SubmitButton.swift */ = {isa = PBXFileReference; lastKnownFileType = sourcecode.swift; path = SubmitButton.swift; sourceTree = "<group>"; };
		271AFF8A2AA8D67F00610D8B /* Theme.swift */ = {isa = PBXFileReference; lastKnownFileType = sourcecode.swift; path = Theme.swift; sourceTree = "<group>"; };
		271AFF8D2AA8E25200610D8B /* FormTextField.swift */ = {isa = PBXFileReference; lastKnownFileType = sourcecode.swift; path = FormTextField.swift; sourceTree = "<group>"; };
		277C108A2AA94D2A000F8DC1 /* FormLabel.swift */ = {isa = PBXFileReference; lastKnownFileType = sourcecode.swift; path = FormLabel.swift; sourceTree = "<group>"; };
		277C10BD2AA952E4000F8DC1 /* Montserrat-SemiBold.ttf */ = {isa = PBXFileReference; lastKnownFileType = file; path = "Montserrat-SemiBold.ttf"; sourceTree = "<group>"; };
		277C10BE2AA952E4000F8DC1 /* Montserrat-Regular.ttf */ = {isa = PBXFileReference; lastKnownFileType = file; path = "Montserrat-Regular.ttf"; sourceTree = "<group>"; };
		27849ED72AA9689F0026EE9B /* RegisterViewController.swift */ = {isa = PBXFileReference; lastKnownFileType = sourcecode.swift; path = RegisterViewController.swift; sourceTree = "<group>"; };
		27849ED82AA9689F0026EE9B /* RegisterViewController.xib */ = {isa = PBXFileReference; lastKnownFileType = file.xib; path = RegisterViewController.xib; sourceTree = "<group>"; };
		27849EDC2AA975F70026EE9B /* HomeViewController.swift */ = {isa = PBXFileReference; lastKnownFileType = sourcecode.swift; path = HomeViewController.swift; sourceTree = "<group>"; };
		27849EDD2AA975F70026EE9B /* HomeViewController.xib */ = {isa = PBXFileReference; lastKnownFileType = file.xib; path = HomeViewController.xib; sourceTree = "<group>"; };
		27849EE12AA979590026EE9B /* SideMenuViewController.swift */ = {isa = PBXFileReference; lastKnownFileType = sourcecode.swift; path = SideMenuViewController.swift; sourceTree = "<group>"; };
		27849EE22AA979590026EE9B /* SideMenuViewController.xib */ = {isa = PBXFileReference; lastKnownFileType = file.xib; path = SideMenuViewController.xib; sourceTree = "<group>"; };
		27849EE52AA980480026EE9B /* Montserrat-Bold.ttf */ = {isa = PBXFileReference; lastKnownFileType = file; path = "Montserrat-Bold.ttf"; sourceTree = "<group>"; };
		27849EEA2AA989A20026EE9B /* MenuProfileTableViewCell.swift */ = {isa = PBXFileReference; lastKnownFileType = sourcecode.swift; path = MenuProfileTableViewCell.swift; sourceTree = "<group>"; };
		27849EEB2AA989A20026EE9B /* MenuProfileTableViewCell.xib */ = {isa = PBXFileReference; lastKnownFileType = file.xib; path = MenuProfileTableViewCell.xib; sourceTree = "<group>"; };
		27849EEE2AA99F6F0026EE9B /* MenuItemTableViewCell.swift */ = {isa = PBXFileReference; lastKnownFileType = sourcecode.swift; path = MenuItemTableViewCell.swift; sourceTree = "<group>"; };
		27849EEF2AA99F6F0026EE9B /* MenuItemTableViewCell.xib */ = {isa = PBXFileReference; lastKnownFileType = file.xib; path = MenuItemTableViewCell.xib; sourceTree = "<group>"; };
		27849EF22AA9A26C0026EE9B /* MenuLogoutTableViewCell.swift */ = {isa = PBXFileReference; lastKnownFileType = sourcecode.swift; path = MenuLogoutTableViewCell.swift; sourceTree = "<group>"; };
		27849EF32AA9A26C0026EE9B /* MenuLogoutTableViewCell.xib */ = {isa = PBXFileReference; lastKnownFileType = file.xib; path = MenuLogoutTableViewCell.xib; sourceTree = "<group>"; };
		27849EF62AA9A5400026EE9B /* Montserrat-Medium.ttf */ = {isa = PBXFileReference; lastKnownFileType = file; path = "Montserrat-Medium.ttf"; sourceTree = "<group>"; };
		27849EF92AA9AC470026EE9B /* LoginViewModel.swift */ = {isa = PBXFileReference; lastKnownFileType = sourcecode.swift; path = LoginViewModel.swift; sourceTree = "<group>"; };
		27849EFB2AA9B3F60026EE9B /* Alert.swift */ = {isa = PBXFileReference; lastKnownFileType = sourcecode.swift; path = Alert.swift; sourceTree = "<group>"; };
		27849EFE2AA9B52F0026EE9B /* StringExt.swift */ = {isa = PBXFileReference; lastKnownFileType = sourcecode.swift; path = StringExt.swift; sourceTree = "<group>"; };
		27849F012AA9B6F60026EE9B /* HUDView.swift */ = {isa = PBXFileReference; lastKnownFileType = sourcecode.swift; path = HUDView.swift; sourceTree = "<group>"; };
		27849F032AA9B78E0026EE9B /* HUDLoadable.swift */ = {isa = PBXFileReference; lastKnownFileType = sourcecode.swift; path = HUDLoadable.swift; sourceTree = "<group>"; };
		27849F052AA9BB640026EE9B /* MenuUseCaseProtocol.swift */ = {isa = PBXFileReference; lastKnownFileType = sourcecode.swift; path = MenuUseCaseProtocol.swift; sourceTree = "<group>"; };
		27849F072AA9BB6F0026EE9B /* MenuUseCase.swift */ = {isa = PBXFileReference; lastKnownFileType = sourcecode.swift; path = MenuUseCase.swift; sourceTree = "<group>"; };
		27849F092AA9BC380026EE9B /* SideMenuViewModel.swift */ = {isa = PBXFileReference; lastKnownFileType = sourcecode.swift; path = SideMenuViewModel.swift; sourceTree = "<group>"; };
		27A536572AA879B100B39EB7 /* VascommTest.app */ = {isa = PBXFileReference; explicitFileType = wrapper.application; includeInIndex = 0; path = VascommTest.app; sourceTree = BUILT_PRODUCTS_DIR; };
		27A5365A2AA879B100B39EB7 /* AppDelegate.swift */ = {isa = PBXFileReference; lastKnownFileType = sourcecode.swift; path = AppDelegate.swift; sourceTree = "<group>"; };
		27A5365C2AA879B100B39EB7 /* SceneDelegate.swift */ = {isa = PBXFileReference; lastKnownFileType = sourcecode.swift; path = SceneDelegate.swift; sourceTree = "<group>"; };
		27A536632AA879B200B39EB7 /* Assets.xcassets */ = {isa = PBXFileReference; lastKnownFileType = folder.assetcatalog; path = Assets.xcassets; sourceTree = "<group>"; };
		27A536662AA879B200B39EB7 /* Base */ = {isa = PBXFileReference; lastKnownFileType = file.storyboard; name = Base; path = Base.lproj/LaunchScreen.storyboard; sourceTree = "<group>"; };
		27A536682AA879B200B39EB7 /* Info.plist */ = {isa = PBXFileReference; lastKnownFileType = text.plist.xml; path = Info.plist; sourceTree = "<group>"; };
		4AED7C51F31A82A9A632880E /* Pods-VascommTest.debug.xcconfig */ = {isa = PBXFileReference; includeInIndex = 1; lastKnownFileType = text.xcconfig; name = "Pods-VascommTest.debug.xcconfig"; path = "Target Support Files/Pods-VascommTest/Pods-VascommTest.debug.xcconfig"; sourceTree = "<group>"; };
/* End PBXFileReference section */

/* Begin PBXFrameworksBuildPhase section */
		27A536542AA879B100B39EB7 /* Frameworks */ = {
			isa = PBXFrameworksBuildPhase;
			buildActionMask = 2147483647;
			files = (
				8CB5164D8D80F535106FBE8C /* Pods_VascommTest.framework in Frameworks */,
			);
			runOnlyForDeploymentPostprocessing = 0;
		};
/* End PBXFrameworksBuildPhase section */

/* Begin PBXGroup section */
		271AFF552AA8823100610D8B /* Service */ = {
			isa = PBXGroup;
			children = (
				271AFF562AA8824100610D8B /* Network */,
			);
			path = Service;
			sourceTree = "<group>";
		};
		271AFF562AA8824100610D8B /* Network */ = {
			isa = PBXGroup;
			children = (
				271AFF602AA8ACD700610D8B /* Endpoints */,
				271AFF572AA8866200610D8B /* NetworkService.swift */,
			);
			path = Network;
			sourceTree = "<group>";
		};
		271AFF592AA8AC5C00610D8B /* Model */ = {
			isa = PBXGroup;
			children = (
				271AFF5D2AA8AC9C00610D8B /* Request */,
				271AFF5C2AA8AC9100610D8B /* Response */,
			);
			path = Model;
			sourceTree = "<group>";
		};
		271AFF5C2AA8AC9100610D8B /* Response */ = {
			isa = PBXGroup;
			children = (
				271AFF5A2AA8AC6D00610D8B /* LoginResponse.swift */,
			);
			path = Response;
			sourceTree = "<group>";
		};
		271AFF5D2AA8AC9C00610D8B /* Request */ = {
			isa = PBXGroup;
			children = (
				271AFF652AA8AF8F00610D8B /* RequestModelProtocol.swift */,
				271AFF5E2AA8ACB900610D8B /* LoginRequestModel.swift */,
			);
			path = Request;
			sourceTree = "<group>";
		};
		271AFF602AA8ACD700610D8B /* Endpoints */ = {
			isa = PBXGroup;
			children = (
				271AFF612AA8ACEC00610D8B /* EndpointProtocol.swift */,
				271AFF632AA8ADA000610D8B /* AuthEndpoint.swift */,
			);
			path = Endpoints;
			sourceTree = "<group>";
		};
		271AFF672AA8AFA700610D8B /* Helper */ = {
			isa = PBXGroup;
			children = (
				27849EFD2AA9B5220026EE9B /* Extension */,
				271AFF682AA8AFB500610D8B /* AppError.swift */,
				271AFF6A2AA8B05500610D8B /* KeychainManager.swift */,
				271AFF8A2AA8D67F00610D8B /* Theme.swift */,
				27849EFB2AA9B3F60026EE9B /* Alert.swift */,
				27849F032AA9B78E0026EE9B /* HUDLoadable.swift */,
			);
			path = Helper;
			sourceTree = "<group>";
		};
		271AFF6C2AA8B5E300610D8B /* Data */ = {
			isa = PBXGroup;
			children = (
				271AFF762AA8B7F500610D8B /* Repository */,
				271AFF6D2AA8B5FD00610D8B /* DataSource */,
			);
			path = Data;
			sourceTree = "<group>";
		};
		271AFF6D2AA8B5FD00610D8B /* DataSource */ = {
			isa = PBXGroup;
			children = (
				271AFF722AA8B65800610D8B /* AuthRemoteDataSourceProtocol.swift */,
				271AFF742AA8B66400610D8B /* AuthRemoteDataSource.swift */,
			);
			path = DataSource;
			sourceTree = "<group>";
		};
		271AFF762AA8B7F500610D8B /* Repository */ = {
			isa = PBXGroup;
			children = (
				271AFF792AA8B80F00610D8B /* AuthRepositoryProtocol.swift */,
				271AFF772AA8B80500610D8B /* AuthRepository.swift */,
			);
			path = Repository;
			sourceTree = "<group>";
		};
		271AFF7B2AA8BE1500610D8B /* Domain */ = {
			isa = PBXGroup;
			children = (
				271AFF7C2AA8BE2700610D8B /* LoginUseCaseProtocol.swift */,
				271AFF7E2AA8BE3700610D8B /* LoginUseCase.swift */,
				27849F052AA9BB640026EE9B /* MenuUseCaseProtocol.swift */,
				27849F072AA9BB6F0026EE9B /* MenuUseCase.swift */,
			);
			path = Domain;
			sourceTree = "<group>";
		};
		271AFF802AA8C2D300610D8B /* Presentation */ = {
			isa = PBXGroup;
			children = (
				27849EE02AA9794B0026EE9B /* SideMenu */,
				27849EDB2AA975E90026EE9B /* Home */,
				27849ED62AA968930026EE9B /* Register */,
				271AFF862AA8C3D200610D8B /* SubView */,
				271AFF812AA8C30A00610D8B /* Login */,
			);
			path = Presentation;
			sourceTree = "<group>";
		};
		271AFF812AA8C30A00610D8B /* Login */ = {
			isa = PBXGroup;
			children = (
				271AFF822AA8C32E00610D8B /* LoginViewController.swift */,
				271AFF832AA8C32E00610D8B /* LoginViewController.xib */,
				27849EF92AA9AC470026EE9B /* LoginViewModel.swift */,
			);
			path = Login;
			sourceTree = "<group>";
		};
		271AFF862AA8C3D200610D8B /* SubView */ = {
			isa = PBXGroup;
			children = (
				27849F002AA9B6E70026EE9B /* View */,
				27849EE92AA989830026EE9B /* TableCell */,
				277C10892AA94D19000F8DC1 /* Label */,
				271AFF8C2AA8E23C00610D8B /* TextField */,
				271AFF872AA8C3FD00610D8B /* Button */,
			);
			path = SubView;
			sourceTree = "<group>";
		};
		271AFF872AA8C3FD00610D8B /* Button */ = {
			isa = PBXGroup;
			children = (
				271AFF882AA8C45F00610D8B /* SubmitButton.swift */,
			);
			path = Button;
			sourceTree = "<group>";
		};
		271AFF8C2AA8E23C00610D8B /* TextField */ = {
			isa = PBXGroup;
			children = (
				271AFF8D2AA8E25200610D8B /* FormTextField.swift */,
			);
			path = TextField;
			sourceTree = "<group>";
		};
		277C10892AA94D19000F8DC1 /* Label */ = {
			isa = PBXGroup;
			children = (
				277C108A2AA94D2A000F8DC1 /* FormLabel.swift */,
			);
			path = Label;
			sourceTree = "<group>";
		};
		277C108C2AA9527D000F8DC1 /* Resources */ = {
			isa = PBXGroup;
			children = (
				277C108D2AA95286000F8DC1 /* Font */,
			);
			path = Resources;
			sourceTree = "<group>";
		};
		277C108D2AA95286000F8DC1 /* Font */ = {
			isa = PBXGroup;
			children = (
				277C10BC2AA952BF000F8DC1 /* Montserrat */,
			);
			path = Font;
			sourceTree = "<group>";
		};
		277C10BC2AA952BF000F8DC1 /* Montserrat */ = {
			isa = PBXGroup;
			children = (
				277C10BE2AA952E4000F8DC1 /* Montserrat-Regular.ttf */,
				277C10BD2AA952E4000F8DC1 /* Montserrat-SemiBold.ttf */,
				27849EE52AA980480026EE9B /* Montserrat-Bold.ttf */,
				27849EF62AA9A5400026EE9B /* Montserrat-Medium.ttf */,
			);
			path = Montserrat;
			sourceTree = "<group>";
		};
		27849ED62AA968930026EE9B /* Register */ = {
			isa = PBXGroup;
			children = (
				27849ED72AA9689F0026EE9B /* RegisterViewController.swift */,
				27849ED82AA9689F0026EE9B /* RegisterViewController.xib */,
			);
			path = Register;
			sourceTree = "<group>";
		};
		27849EDB2AA975E90026EE9B /* Home */ = {
			isa = PBXGroup;
			children = (
				27849EDC2AA975F70026EE9B /* HomeViewController.swift */,
				27849EDD2AA975F70026EE9B /* HomeViewController.xib */,
			);
			path = Home;
			sourceTree = "<group>";
		};
		27849EE02AA9794B0026EE9B /* SideMenu */ = {
			isa = PBXGroup;
			children = (
				27849EE12AA979590026EE9B /* SideMenuViewController.swift */,
				27849EE22AA979590026EE9B /* SideMenuViewController.xib */,
				27849F092AA9BC380026EE9B /* SideMenuViewModel.swift */,
			);
			path = SideMenu;
			sourceTree = "<group>";
		};
		27849EE92AA989830026EE9B /* TableCell */ = {
			isa = PBXGroup;
			children = (
				27849EEA2AA989A20026EE9B /* MenuProfileTableViewCell.swift */,
				27849EEB2AA989A20026EE9B /* MenuProfileTableViewCell.xib */,
				27849EEE2AA99F6F0026EE9B /* MenuItemTableViewCell.swift */,
				27849EEF2AA99F6F0026EE9B /* MenuItemTableViewCell.xib */,
				27849EF22AA9A26C0026EE9B /* MenuLogoutTableViewCell.swift */,
				27849EF32AA9A26C0026EE9B /* MenuLogoutTableViewCell.xib */,
			);
			path = TableCell;
			sourceTree = "<group>";
		};
		27849EFD2AA9B5220026EE9B /* Extension */ = {
			isa = PBXGroup;
			children = (
				27849EFE2AA9B52F0026EE9B /* StringExt.swift */,
			);
			path = Extension;
			sourceTree = "<group>";
		};
		27849F002AA9B6E70026EE9B /* View */ = {
			isa = PBXGroup;
			children = (
				27849F012AA9B6F60026EE9B /* HUDView.swift */,
			);
			path = View;
			sourceTree = "<group>";
		};
		27A5364E2AA879B100B39EB7 = {
			isa = PBXGroup;
			children = (
				27A536592AA879B100B39EB7 /* VascommTest */,
				27A536582AA879B100B39EB7 /* Products */,
				822D951B0CB1814BF698E791 /* Pods */,
				3656E0F65251050D37390DBA /* Frameworks */,
			);
			sourceTree = "<group>";
		};
		27A536582AA879B100B39EB7 /* Products */ = {
			isa = PBXGroup;
			children = (
				27A536572AA879B100B39EB7 /* VascommTest.app */,
			);
			name = Products;
			sourceTree = "<group>";
		};
		27A536592AA879B100B39EB7 /* VascommTest */ = {
			isa = PBXGroup;
			children = (
				277C108C2AA9527D000F8DC1 /* Resources */,
				271AFF802AA8C2D300610D8B /* Presentation */,
				271AFF7B2AA8BE1500610D8B /* Domain */,
				271AFF6C2AA8B5E300610D8B /* Data */,
				271AFF672AA8AFA700610D8B /* Helper */,
				271AFF592AA8AC5C00610D8B /* Model */,
				271AFF552AA8823100610D8B /* Service */,
				27A5365A2AA879B100B39EB7 /* AppDelegate.swift */,
				27A5365C2AA879B100B39EB7 /* SceneDelegate.swift */,
				27A536632AA879B200B39EB7 /* Assets.xcassets */,
				27A536652AA879B200B39EB7 /* LaunchScreen.storyboard */,
				27A536682AA879B200B39EB7 /* Info.plist */,
			);
			path = VascommTest;
			sourceTree = "<group>";
		};
		3656E0F65251050D37390DBA /* Frameworks */ = {
			isa = PBXGroup;
			children = (
				081951732D0169E88360F480 /* Pods_VascommTest.framework */,
			);
			name = Frameworks;
			sourceTree = "<group>";
		};
		822D951B0CB1814BF698E791 /* Pods */ = {
			isa = PBXGroup;
			children = (
				4AED7C51F31A82A9A632880E /* Pods-VascommTest.debug.xcconfig */,
				0B4C7ADF7DC6D8E69B13D9F1 /* Pods-VascommTest.release.xcconfig */,
			);
			path = Pods;
			sourceTree = "<group>";
		};
/* End PBXGroup section */

/* Begin PBXNativeTarget section */
		27A536562AA879B100B39EB7 /* VascommTest */ = {
			isa = PBXNativeTarget;
			buildConfigurationList = 27A5366B2AA879B200B39EB7 /* Build configuration list for PBXNativeTarget "VascommTest" */;
			buildPhases = (
				71B4ADEF098EBF8AADC72F57 /* [CP] Check Pods Manifest.lock */,
				27A536532AA879B100B39EB7 /* Sources */,
				27A536542AA879B100B39EB7 /* Frameworks */,
				27A536552AA879B100B39EB7 /* Resources */,
				FCEA072E272150A3CFCEAAA5 /* [CP] Embed Pods Frameworks */,
			);
			buildRules = (
			);
			dependencies = (
			);
			name = VascommTest;
			productName = VascommTest;
			productReference = 27A536572AA879B100B39EB7 /* VascommTest.app */;
			productType = "com.apple.product-type.application";
		};
/* End PBXNativeTarget section */

/* Begin PBXProject section */
		27A5364F2AA879B100B39EB7 /* Project object */ = {
			isa = PBXProject;
			attributes = {
				BuildIndependentTargetsInParallel = 1;
				LastSwiftUpdateCheck = 1430;
				LastUpgradeCheck = 1430;
				TargetAttributes = {
					27A536562AA879B100B39EB7 = {
						CreatedOnToolsVersion = 14.3.1;
					};
				};
			};
			buildConfigurationList = 27A536522AA879B100B39EB7 /* Build configuration list for PBXProject "VascommTest" */;
			compatibilityVersion = "Xcode 14.0";
			developmentRegion = en;
			hasScannedForEncodings = 0;
			knownRegions = (
				en,
				Base,
			);
			mainGroup = 27A5364E2AA879B100B39EB7;
			productRefGroup = 27A536582AA879B100B39EB7 /* Products */;
			projectDirPath = "";
			projectRoot = "";
			targets = (
				27A536562AA879B100B39EB7 /* VascommTest */,
			);
		};
/* End PBXProject section */

/* Begin PBXResourcesBuildPhase section */
		27A536552AA879B100B39EB7 /* Resources */ = {
			isa = PBXResourcesBuildPhase;
			buildActionMask = 2147483647;
			files = (
				27849EE62AA980490026EE9B /* Montserrat-Bold.ttf in Resources */,
				277C10C02AA952E4000F8DC1 /* Montserrat-Regular.ttf in Resources */,
				271AFF852AA8C32E00610D8B /* LoginViewController.xib in Resources */,
				27849EDA2AA9689F0026EE9B /* RegisterViewController.xib in Resources */,
				27A536672AA879B200B39EB7 /* LaunchScreen.storyboard in Resources */,
				27849EED2AA989A20026EE9B /* MenuProfileTableViewCell.xib in Resources */,
				27A536642AA879B200B39EB7 /* Assets.xcassets in Resources */,
				277C10BF2AA952E4000F8DC1 /* Montserrat-SemiBold.ttf in Resources */,
				27849EF52AA9A26C0026EE9B /* MenuLogoutTableViewCell.xib in Resources */,
				27849EF72AA9A5400026EE9B /* Montserrat-Medium.ttf in Resources */,
				27849EF12AA99F6F0026EE9B /* MenuItemTableViewCell.xib in Resources */,
				27849EDF2AA975F70026EE9B /* HomeViewController.xib in Resources */,
				27849EE42AA979590026EE9B /* SideMenuViewController.xib in Resources */,
			);
			runOnlyForDeploymentPostprocessing = 0;
		};
/* End PBXResourcesBuildPhase section */

/* Begin PBXShellScriptBuildPhase section */
		71B4ADEF098EBF8AADC72F57 /* [CP] Check Pods Manifest.lock */ = {
			isa = PBXShellScriptBuildPhase;
			buildActionMask = 2147483647;
			files = (
			);
			inputFileListPaths = (
			);
			inputPaths = (
				"${PODS_PODFILE_DIR_PATH}/Podfile.lock",
				"${PODS_ROOT}/Manifest.lock",
			);
			name = "[CP] Check Pods Manifest.lock";
			outputFileListPaths = (
			);
			outputPaths = (
				"$(DERIVED_FILE_DIR)/Pods-VascommTest-checkManifestLockResult.txt",
			);
			runOnlyForDeploymentPostprocessing = 0;
			shellPath = /bin/sh;
			shellScript = "diff \"${PODS_PODFILE_DIR_PATH}/Podfile.lock\" \"${PODS_ROOT}/Manifest.lock\" > /dev/null\nif [ $? != 0 ] ; then\n    # print error to STDERR\n    echo \"error: The sandbox is not in sync with the Podfile.lock. Run 'pod install' or update your CocoaPods installation.\" >&2\n    exit 1\nfi\n# This output is used by Xcode 'outputs' to avoid re-running this script phase.\necho \"SUCCESS\" > \"${SCRIPT_OUTPUT_FILE_0}\"\n";
			showEnvVarsInLog = 0;
		};
		FCEA072E272150A3CFCEAAA5 /* [CP] Embed Pods Frameworks */ = {
			isa = PBXShellScriptBuildPhase;
			buildActionMask = 2147483647;
			files = (
			);
			inputFileListPaths = (
				"${PODS_ROOT}/Target Support Files/Pods-VascommTest/Pods-VascommTest-frameworks-${CONFIGURATION}-input-files.xcfilelist",
			);
			name = "[CP] Embed Pods Frameworks";
			outputFileListPaths = (
				"${PODS_ROOT}/Target Support Files/Pods-VascommTest/Pods-VascommTest-frameworks-${CONFIGURATION}-output-files.xcfilelist",
			);
			runOnlyForDeploymentPostprocessing = 0;
			shellPath = /bin/sh;
			shellScript = "\"${PODS_ROOT}/Target Support Files/Pods-VascommTest/Pods-VascommTest-frameworks.sh\"\n";
			showEnvVarsInLog = 0;
		};
/* End PBXShellScriptBuildPhase section */

/* Begin PBXSourcesBuildPhase section */
		27A536532AA879B100B39EB7 /* Sources */ = {
			isa = PBXSourcesBuildPhase;
			buildActionMask = 2147483647;
			files = (
				271AFF842AA8C32E00610D8B /* LoginViewController.swift in Sources */,
				271AFF752AA8B66400610D8B /* AuthRemoteDataSource.swift in Sources */,
				271AFF662AA8AF8F00610D8B /* RequestModelProtocol.swift in Sources */,
				27849EF02AA99F6F0026EE9B /* MenuItemTableViewCell.swift in Sources */,
				27849F0A2AA9BC380026EE9B /* SideMenuViewModel.swift in Sources */,
				27849F042AA9B78E0026EE9B /* HUDLoadable.swift in Sources */,
				27849F022AA9B6F60026EE9B /* HUDView.swift in Sources */,
				271AFF7F2AA8BE3700610D8B /* LoginUseCase.swift in Sources */,
				27849EEC2AA989A20026EE9B /* MenuProfileTableViewCell.swift in Sources */,
				27849EFF2AA9B52F0026EE9B /* StringExt.swift in Sources */,
				277C108B2AA94D2A000F8DC1 /* FormLabel.swift in Sources */,
				271AFF642AA8ADA000610D8B /* AuthEndpoint.swift in Sources */,
				271AFF692AA8AFB500610D8B /* AppError.swift in Sources */,
				27A5365B2AA879B100B39EB7 /* AppDelegate.swift in Sources */,
				271AFF582AA8866200610D8B /* NetworkService.swift in Sources */,
				271AFF7A2AA8B80F00610D8B /* AuthRepositoryProtocol.swift in Sources */,
				27849EDE2AA975F70026EE9B /* HomeViewController.swift in Sources */,
				271AFF8E2AA8E25200610D8B /* FormTextField.swift in Sources */,
				27849EE32AA979590026EE9B /* SideMenuViewController.swift in Sources */,
				271AFF892AA8C45F00610D8B /* SubmitButton.swift in Sources */,
				271AFF6B2AA8B05500610D8B /* KeychainManager.swift in Sources */,
				27849EFC2AA9B3F60026EE9B /* Alert.swift in Sources */,
				27849EF42AA9A26C0026EE9B /* MenuLogoutTableViewCell.swift in Sources */,
				27849ED92AA9689F0026EE9B /* RegisterViewController.swift in Sources */,
				271AFF7D2AA8BE2700610D8B /* LoginUseCaseProtocol.swift in Sources */,
				27849EFA2AA9AC470026EE9B /* LoginViewModel.swift in Sources */,
				271AFF5F2AA8ACB900610D8B /* LoginRequestModel.swift in Sources */,
				271AFF732AA8B65800610D8B /* AuthRemoteDataSourceProtocol.swift in Sources */,
				27A5365D2AA879B100B39EB7 /* SceneDelegate.swift in Sources */,
				27849F082AA9BB6F0026EE9B /* MenuUseCase.swift in Sources */,
				271AFF782AA8B80500610D8B /* AuthRepository.swift in Sources */,
				271AFF8B2AA8D67F00610D8B /* Theme.swift in Sources */,
				271AFF5B2AA8AC6D00610D8B /* LoginResponse.swift in Sources */,
				27849F062AA9BB640026EE9B /* MenuUseCaseProtocol.swift in Sources */,
				271AFF622AA8ACEC00610D8B /* EndpointProtocol.swift in Sources */,
			);
			runOnlyForDeploymentPostprocessing = 0;
		};
/* End PBXSourcesBuildPhase section */

/* Begin PBXVariantGroup section */
		27A536652AA879B200B39EB7 /* LaunchScreen.storyboard */ = {
			isa = PBXVariantGroup;
			children = (
				27A536662AA879B200B39EB7 /* Base */,
			);
			name = LaunchScreen.storyboard;
			sourceTree = "<group>";
		};
/* End PBXVariantGroup section */

/* Begin XCBuildConfiguration section */
		27A536692AA879B200B39EB7 /* Debug */ = {
			isa = XCBuildConfiguration;
			buildSettings = {
				ALWAYS_SEARCH_USER_PATHS = NO;
				CLANG_ANALYZER_NONNULL = YES;
				CLANG_ANALYZER_NUMBER_OBJECT_CONVERSION = YES_AGGRESSIVE;
				CLANG_CXX_LANGUAGE_STANDARD = "gnu++20";
				CLANG_ENABLE_MODULES = YES;
				CLANG_ENABLE_OBJC_ARC = YES;
				CLANG_ENABLE_OBJC_WEAK = YES;
				CLANG_WARN_BLOCK_CAPTURE_AUTORELEASING = YES;
				CLANG_WARN_BOOL_CONVERSION = YES;
				CLANG_WARN_COMMA = YES;
				CLANG_WARN_CONSTANT_CONVERSION = YES;
				CLANG_WARN_DEPRECATED_OBJC_IMPLEMENTATIONS = YES;
				CLANG_WARN_DIRECT_OBJC_ISA_USAGE = YES_ERROR;
				CLANG_WARN_DOCUMENTATION_COMMENTS = YES;
				CLANG_WARN_EMPTY_BODY = YES;
				CLANG_WARN_ENUM_CONVERSION = YES;
				CLANG_WARN_INFINITE_RECURSION = YES;
				CLANG_WARN_INT_CONVERSION = YES;
				CLANG_WARN_NON_LITERAL_NULL_CONVERSION = YES;
				CLANG_WARN_OBJC_IMPLICIT_RETAIN_SELF = YES;
				CLANG_WARN_OBJC_LITERAL_CONVERSION = YES;
				CLANG_WARN_OBJC_ROOT_CLASS = YES_ERROR;
				CLANG_WARN_QUOTED_INCLUDE_IN_FRAMEWORK_HEADER = YES;
				CLANG_WARN_RANGE_LOOP_ANALYSIS = YES;
				CLANG_WARN_STRICT_PROTOTYPES = YES;
				CLANG_WARN_SUSPICIOUS_MOVE = YES;
				CLANG_WARN_UNGUARDED_AVAILABILITY = YES_AGGRESSIVE;
				CLANG_WARN_UNREACHABLE_CODE = YES;
				CLANG_WARN__DUPLICATE_METHOD_MATCH = YES;
				COPY_PHASE_STRIP = NO;
				DEBUG_INFORMATION_FORMAT = dwarf;
				ENABLE_STRICT_OBJC_MSGSEND = YES;
				ENABLE_TESTABILITY = YES;
				GCC_C_LANGUAGE_STANDARD = gnu11;
				GCC_DYNAMIC_NO_PIC = NO;
				GCC_NO_COMMON_BLOCKS = YES;
				GCC_OPTIMIZATION_LEVEL = 0;
				GCC_PREPROCESSOR_DEFINITIONS = (
					"DEBUG=1",
					"$(inherited)",
				);
				GCC_WARN_64_TO_32_BIT_CONVERSION = YES;
				GCC_WARN_ABOUT_RETURN_TYPE = YES_ERROR;
				GCC_WARN_UNDECLARED_SELECTOR = YES;
				GCC_WARN_UNINITIALIZED_AUTOS = YES_AGGRESSIVE;
				GCC_WARN_UNUSED_FUNCTION = YES;
				GCC_WARN_UNUSED_VARIABLE = YES;
				IPHONEOS_DEPLOYMENT_TARGET = 13.0;
				MTL_ENABLE_DEBUG_INFO = INCLUDE_SOURCE;
				MTL_FAST_MATH = YES;
				ONLY_ACTIVE_ARCH = YES;
				SDKROOT = iphoneos;
				SWIFT_ACTIVE_COMPILATION_CONDITIONS = DEBUG;
				SWIFT_OPTIMIZATION_LEVEL = "-Onone";
			};
			name = Debug;
		};
		27A5366A2AA879B200B39EB7 /* Release */ = {
			isa = XCBuildConfiguration;
			buildSettings = {
				ALWAYS_SEARCH_USER_PATHS = NO;
				CLANG_ANALYZER_NONNULL = YES;
				CLANG_ANALYZER_NUMBER_OBJECT_CONVERSION = YES_AGGRESSIVE;
				CLANG_CXX_LANGUAGE_STANDARD = "gnu++20";
				CLANG_ENABLE_MODULES = YES;
				CLANG_ENABLE_OBJC_ARC = YES;
				CLANG_ENABLE_OBJC_WEAK = YES;
				CLANG_WARN_BLOCK_CAPTURE_AUTORELEASING = YES;
				CLANG_WARN_BOOL_CONVERSION = YES;
				CLANG_WARN_COMMA = YES;
				CLANG_WARN_CONSTANT_CONVERSION = YES;
				CLANG_WARN_DEPRECATED_OBJC_IMPLEMENTATIONS = YES;
				CLANG_WARN_DIRECT_OBJC_ISA_USAGE = YES_ERROR;
				CLANG_WARN_DOCUMENTATION_COMMENTS = YES;
				CLANG_WARN_EMPTY_BODY = YES;
				CLANG_WARN_ENUM_CONVERSION = YES;
				CLANG_WARN_INFINITE_RECURSION = YES;
				CLANG_WARN_INT_CONVERSION = YES;
				CLANG_WARN_NON_LITERAL_NULL_CONVERSION = YES;
				CLANG_WARN_OBJC_IMPLICIT_RETAIN_SELF = YES;
				CLANG_WARN_OBJC_LITERAL_CONVERSION = YES;
				CLANG_WARN_OBJC_ROOT_CLASS = YES_ERROR;
				CLANG_WARN_QUOTED_INCLUDE_IN_FRAMEWORK_HEADER = YES;
				CLANG_WARN_RANGE_LOOP_ANALYSIS = YES;
				CLANG_WARN_STRICT_PROTOTYPES = YES;
				CLANG_WARN_SUSPICIOUS_MOVE = YES;
				CLANG_WARN_UNGUARDED_AVAILABILITY = YES_AGGRESSIVE;
				CLANG_WARN_UNREACHABLE_CODE = YES;
				CLANG_WARN__DUPLICATE_METHOD_MATCH = YES;
				COPY_PHASE_STRIP = NO;
				DEBUG_INFORMATION_FORMAT = "dwarf-with-dsym";
				ENABLE_NS_ASSERTIONS = NO;
				ENABLE_STRICT_OBJC_MSGSEND = YES;
				GCC_C_LANGUAGE_STANDARD = gnu11;
				GCC_NO_COMMON_BLOCKS = YES;
				GCC_WARN_64_TO_32_BIT_CONVERSION = YES;
				GCC_WARN_ABOUT_RETURN_TYPE = YES_ERROR;
				GCC_WARN_UNDECLARED_SELECTOR = YES;
				GCC_WARN_UNINITIALIZED_AUTOS = YES_AGGRESSIVE;
				GCC_WARN_UNUSED_FUNCTION = YES;
				GCC_WARN_UNUSED_VARIABLE = YES;
				IPHONEOS_DEPLOYMENT_TARGET = 13.0;
				MTL_ENABLE_DEBUG_INFO = NO;
				MTL_FAST_MATH = YES;
				SDKROOT = iphoneos;
				SWIFT_COMPILATION_MODE = wholemodule;
				SWIFT_OPTIMIZATION_LEVEL = "-O";
				VALIDATE_PRODUCT = YES;
			};
			name = Release;
		};
		27A5366C2AA879B200B39EB7 /* Debug */ = {
			isa = XCBuildConfiguration;
			baseConfigurationReference = 4AED7C51F31A82A9A632880E /* Pods-VascommTest.debug.xcconfig */;
			buildSettings = {
				ASSETCATALOG_COMPILER_APPICON_NAME = AppIcon;
				ASSETCATALOG_COMPILER_GLOBAL_ACCENT_COLOR_NAME = AccentColor;
				CODE_SIGN_STYLE = Automatic;
				CURRENT_PROJECT_VERSION = 1;
				GENERATE_INFOPLIST_FILE = YES;
				INFOPLIST_FILE = VascommTest/Info.plist;
				INFOPLIST_KEY_UIApplicationSupportsIndirectInputEvents = YES;
				INFOPLIST_KEY_UILaunchStoryboardName = LaunchScreen.storyboard;
				INFOPLIST_KEY_UISupportedInterfaceOrientations_iPad = "UIInterfaceOrientationPortrait UIInterfaceOrientationPortraitUpsideDown UIInterfaceOrientationLandscapeLeft UIInterfaceOrientationLandscapeRight";
				INFOPLIST_KEY_UISupportedInterfaceOrientations_iPhone = "UIInterfaceOrientationPortrait UIInterfaceOrientationLandscapeLeft UIInterfaceOrientationLandscapeRight";
				LD_RUNPATH_SEARCH_PATHS = (
					"$(inherited)",
					"@executable_path/Frameworks",
				);
				MARKETING_VERSION = 1.0;
				PRODUCT_BUNDLE_IDENTIFIER = com.septiadi.VascommTest;
				PRODUCT_NAME = "$(TARGET_NAME)";
				SWIFT_EMIT_LOC_STRINGS = YES;
				SWIFT_VERSION = 5.0;
				TARGETED_DEVICE_FAMILY = "1,2";
			};
			name = Debug;
		};
		27A5366D2AA879B200B39EB7 /* Release */ = {
			isa = XCBuildConfiguration;
			baseConfigurationReference = 0B4C7ADF7DC6D8E69B13D9F1 /* Pods-VascommTest.release.xcconfig */;
			buildSettings = {
				ASSETCATALOG_COMPILER_APPICON_NAME = AppIcon;
				ASSETCATALOG_COMPILER_GLOBAL_ACCENT_COLOR_NAME = AccentColor;
				CODE_SIGN_STYLE = Automatic;
				CURRENT_PROJECT_VERSION = 1;
				GENERATE_INFOPLIST_FILE = YES;
				INFOPLIST_FILE = VascommTest/Info.plist;
				INFOPLIST_KEY_UIApplicationSupportsIndirectInputEvents = YES;
				INFOPLIST_KEY_UILaunchStoryboardName = LaunchScreen.storyboard;
				INFOPLIST_KEY_UISupportedInterfaceOrientations_iPad = "UIInterfaceOrientationPortrait UIInterfaceOrientationPortraitUpsideDown UIInterfaceOrientationLandscapeLeft UIInterfaceOrientationLandscapeRight";
				INFOPLIST_KEY_UISupportedInterfaceOrientations_iPhone = "UIInterfaceOrientationPortrait UIInterfaceOrientationLandscapeLeft UIInterfaceOrientationLandscapeRight";
				LD_RUNPATH_SEARCH_PATHS = (
					"$(inherited)",
					"@executable_path/Frameworks",
				);
				MARKETING_VERSION = 1.0;
				PRODUCT_BUNDLE_IDENTIFIER = com.septiadi.VascommTest;
				PRODUCT_NAME = "$(TARGET_NAME)";
				SWIFT_EMIT_LOC_STRINGS = YES;
				SWIFT_VERSION = 5.0;
				TARGETED_DEVICE_FAMILY = "1,2";
			};
			name = Release;
		};
/* End XCBuildConfiguration section */

/* Begin XCConfigurationList section */
		27A536522AA879B100B39EB7 /* Build configuration list for PBXProject "VascommTest" */ = {
			isa = XCConfigurationList;
			buildConfigurations = (
				27A536692AA879B200B39EB7 /* Debug */,
				27A5366A2AA879B200B39EB7 /* Release */,
			);
			defaultConfigurationIsVisible = 0;
			defaultConfigurationName = Release;
		};
		27A5366B2AA879B200B39EB7 /* Build configuration list for PBXNativeTarget "VascommTest" */ = {
			isa = XCConfigurationList;
			buildConfigurations = (
				27A5366C2AA879B200B39EB7 /* Debug */,
				27A5366D2AA879B200B39EB7 /* Release */,
			);
			defaultConfigurationIsVisible = 0;
			defaultConfigurationName = Release;
		};
/* End XCConfigurationList section */
	};
	rootObject = 27A5364F2AA879B100B39EB7 /* Project object */;
}
