// !$*UTF8*$!
{
	archiveVersion = 1;
	classes = {
	};
	objectVersion = 56;
	objects = {

/* Begin PBXBuildFile section */
		271AFF582AA8866200610D8B /* NetworkService.swift in Sources */ = {isa = PBXBuildFile; fileRef = 271AFF572AA8866200610D8B /* NetworkService.swift */; };
		271AFF5B2AA8AC6D00610D8B /* LoginResponse.swift in Sources */ = {isa = PBXBuildFile; fileRef = 271AFF5A2AA8AC6D00610D8B /* LoginResponse.swift */; };
		271AFF5F2AA8ACB900610D8B /* LoginRequestModel.swift in Sources */ = {isa = PBXBuildFile; fileRef = 271AFF5E2AA8ACB900610D8B /* LoginRequestModel.swift */; };
		271AFF622AA8ACEC00610D8B /* EndpointProtocol.swift in Sources */ = {isa = PBXBuildFile; fileRef = 271AFF612AA8ACEC00610D8B /* EndpointProtocol.swift */; };
		271AFF642AA8ADA000610D8B /* AuthEndpoint.swift in Sources */ = {isa = PBXBuildFile; fileRef = 271AFF632AA8ADA000610D8B /* AuthEndpoint.swift */; };
		271AFF662AA8AF8F00610D8B /* RequestModelProtocol.swift in Sources */ = {isa = PBXBuildFile; fileRef = 271AFF652AA8AF8F00610D8B /* RequestModelProtocol.swift */; };
		271AFF692AA8AFB500610D8B /* AppError.swift in Sources */ = {isa = PBXBuildFile; fileRef = 271AFF682AA8AFB500610D8B /* AppError.swift */; };
		271AFF6B2AA8B05500610D8B /* KeychainManager.swift in Sources */ = {isa = PBXBuildFile; fileRef = 271AFF6A2AA8B05500610D8B /* KeychainManager.swift */; };
		27A5365B2AA879B100B39EB7 /* AppDelegate.swift in Sources */ = {isa = PBXBuildFile; fileRef = 27A5365A2AA879B100B39EB7 /* AppDelegate.swift */; };
		27A5365D2AA879B100B39EB7 /* SceneDelegate.swift in Sources */ = {isa = PBXBuildFile; fileRef = 27A5365C2AA879B100B39EB7 /* SceneDelegate.swift */; };
		27A5365F2AA879B100B39EB7 /* ViewController.swift in Sources */ = {isa = PBXBuildFile; fileRef = 27A5365E2AA879B100B39EB7 /* ViewController.swift */; };
		27A536622AA879B100B39EB7 /* Main.storyboard in Resources */ = {isa = PBXBuildFile; fileRef = 27A536602AA879B100B39EB7 /* Main.storyboard */; };
		27A536642AA879B200B39EB7 /* Assets.xcassets in Resources */ = {isa = PBXBuildFile; fileRef = 27A536632AA879B200B39EB7 /* Assets.xcassets */; };
		27A536672AA879B200B39EB7 /* LaunchScreen.storyboard in Resources */ = {isa = PBXBuildFile; fileRef = 27A536652AA879B200B39EB7 /* LaunchScreen.storyboard */; };
		8CB5164D8D80F535106FBE8C /* Pods_VascommTest.framework in Frameworks */ = {isa = PBXBuildFile; fileRef = 081951732D0169E88360F480 /* Pods_VascommTest.framework */; };
/* End PBXBuildFile section */

/* Begin PBXFileReference section */
		081951732D0169E88360F480 /* Pods_VascommTest.framework */ = {isa = PBXFileReference; explicitFileType = wrapper.framework; includeInIndex = 0; path = Pods_VascommTest.framework; sourceTree = BUILT_PRODUCTS_DIR; };
		0B4C7ADF7DC6D8E69B13D9F1 /* Pods-VascommTest.release.xcconfig */ = {isa = PBXFileReference; includeInIndex = 1; lastKnownFileType = text.xcconfig; name = "Pods-VascommTest.release.xcconfig"; path = "Target Support Files/Pods-VascommTest/Pods-VascommTest.release.xcconfig"; sourceTree = "<group>"; };
		271AFF572AA8866200610D8B /* NetworkService.swift */ = {isa = PBXFileReference; lastKnownFileType = sourcecode.swift; path = NetworkService.swift; sourceTree = "<group>"; };
		271AFF5A2AA8AC6D00610D8B /* LoginResponse.swift */ = {isa = PBXFileReference; lastKnownFileType = sourcecode.swift; path = LoginResponse.swift; sourceTree = "<group>"; };
		271AFF5E2AA8ACB900610D8B /* LoginRequestModel.swift */ = {isa = PBXFileReference; lastKnownFileType = sourcecode.swift; path = LoginRequestModel.swift; sourceTree = "<group>"; };
		271AFF612AA8ACEC00610D8B /* EndpointProtocol.swift */ = {isa = PBXFileReference; lastKnownFileType = sourcecode.swift; path = EndpointProtocol.swift; sourceTree = "<group>"; };
		271AFF632AA8ADA000610D8B /* AuthEndpoint.swift */ = {isa = PBXFileReference; lastKnownFileType = sourcecode.swift; path = AuthEndpoint.swift; sourceTree = "<group>"; };
		271AFF652AA8AF8F00610D8B /* RequestModelProtocol.swift */ = {isa = PBXFileReference; lastKnownFileType = sourcecode.swift; path = RequestModelProtocol.swift; sourceTree = "<group>"; };
		271AFF682AA8AFB500610D8B /* AppError.swift */ = {isa = PBXFileReference; lastKnownFileType = sourcecode.swift; path = AppError.swift; sourceTree = "<group>"; };
		271AFF6A2AA8B05500610D8B /* KeychainManager.swift */ = {isa = PBXFileReference; lastKnownFileType = sourcecode.swift; path = KeychainManager.swift; sourceTree = "<group>"; };
		27A536572AA879B100B39EB7 /* VascommTest.app */ = {isa = PBXFileReference; explicitFileType = wrapper.application; includeInIndex = 0; path = VascommTest.app; sourceTree = BUILT_PRODUCTS_DIR; };
		27A5365A2AA879B100B39EB7 /* AppDelegate.swift */ = {isa = PBXFileReference; lastKnownFileType = sourcecode.swift; path = AppDelegate.swift; sourceTree = "<group>"; };
		27A5365C2AA879B100B39EB7 /* SceneDelegate.swift */ = {isa = PBXFileReference; lastKnownFileType = sourcecode.swift; path = SceneDelegate.swift; sourceTree = "<group>"; };
		27A5365E2AA879B100B39EB7 /* ViewController.swift */ = {isa = PBXFileReference; lastKnownFileType = sourcecode.swift; path = ViewController.swift; sourceTree = "<group>"; };
		27A536612AA879B100B39EB7 /* Base */ = {isa = PBXFileReference; lastKnownFileType = file.storyboard; name = Base; path = Base.lproj/Main.storyboard; sourceTree = "<group>"; };
		27A536632AA879B200B39EB7 /* Assets.xcassets */ = {isa = PBXFileReference; lastKnownFileType = folder.assetcatalog; path = Assets.xcassets; sourceTree = "<group>"; };
		27A536662AA879B200B39EB7 /* Base */ = {isa = PBXFileReference; lastKnownFileType = file.storyboard; name = Base; path = Base.lproj/LaunchScreen.storyboard; sourceTree = "<group>"; };
		27A536682AA879B200B39EB7 /* Info.plist */ = {isa = PBXFileReference; lastKnownFileType = text.plist.xml; path = Info.plist; sourceTree = "<group>"; };
		4AED7C51F31A82A9A632880E /* Pods-VascommTest.debug.xcconfig */ = {isa = PBXFileReference; includeInIndex = 1; lastKnownFileType = text.xcconfig; name = "Pods-VascommTest.debug.xcconfig"; path = "Target Support Files/Pods-VascommTest/Pods-VascommTest.debug.xcconfig"; sourceTree = "<group>"; };
/* End PBXFileReference section */

/* Begin PBXFrameworksBuildPhase section */
		27A536542AA879B100B39EB7 /* Frameworks */ = {
			isa = PBXFrameworksBuildPhase;
			buildActionMask = 2147483647;
			files = (
				8CB5164D8D80F535106FBE8C /* Pods_VascommTest.framework in Frameworks */,
			);
			runOnlyForDeploymentPostprocessing = 0;
		};
/* End PBXFrameworksBuildPhase section */

/* Begin PBXGroup section */
		271AFF552AA8823100610D8B /* Service */ = {
			isa = PBXGroup;
			children = (
				271AFF562AA8824100610D8B /* Network */,
			);
			path = Service;
			sourceTree = "<group>";
		};
		271AFF562AA8824100610D8B /* Network */ = {
			isa = PBXGroup;
			children = (
				271AFF602AA8ACD700610D8B /* Endpoints */,
				271AFF572AA8866200610D8B /* NetworkService.swift */,
			);
			path = Network;
			sourceTree = "<group>";
		};
		271AFF592AA8AC5C00610D8B /* Model */ = {
			isa = PBXGroup;
			children = (
				271AFF5D2AA8AC9C00610D8B /* Request */,
				271AFF5C2AA8AC9100610D8B /* Response */,
			);
			path = Model;
			sourceTree = "<group>";
		};
		271AFF5C2AA8AC9100610D8B /* Response */ = {
			isa = PBXGroup;
			children = (
				271AFF5A2AA8AC6D00610D8B /* LoginResponse.swift */,
			);
			path = Response;
			sourceTree = "<group>";
		};
		271AFF5D2AA8AC9C00610D8B /* Request */ = {
			isa = PBXGroup;
			children = (
				271AFF652AA8AF8F00610D8B /* RequestModelProtocol.swift */,
				271AFF5E2AA8ACB900610D8B /* LoginRequestModel.swift */,
			);
			path = Request;
			sourceTree = "<group>";
		};
		271AFF602AA8ACD700610D8B /* Endpoints */ = {
			isa = PBXGroup;
			children = (
				271AFF612AA8ACEC00610D8B /* EndpointProtocol.swift */,
				271AFF632AA8ADA000610D8B /* AuthEndpoint.swift */,
			);
			path = Endpoints;
			sourceTree = "<group>";
		};
		271AFF672AA8AFA700610D8B /* Helper */ = {
			isa = PBXGroup;
			children = (
				271AFF682AA8AFB500610D8B /* AppError.swift */,
				271AFF6A2AA8B05500610D8B /* KeychainManager.swift */,
			);
			path = Helper;
			sourceTree = "<group>";
		};
		27A5364E2AA879B100B39EB7 = {
			isa = PBXGroup;
			children = (
				27A536592AA879B100B39EB7 /* VascommTest */,
				27A536582AA879B100B39EB7 /* Products */,
				822D951B0CB1814BF698E791 /* Pods */,
				3656E0F65251050D37390DBA /* Frameworks */,
			);
			sourceTree = "<group>";
		};
		27A536582AA879B100B39EB7 /* Products */ = {
			isa = PBXGroup;
			children = (
				27A536572AA879B100B39EB7 /* VascommTest.app */,
			);
			name = Products;
			sourceTree = "<group>";
		};
		27A536592AA879B100B39EB7 /* VascommTest */ = {
			isa = PBXGroup;
			children = (
				271AFF672AA8AFA700610D8B /* Helper */,
				271AFF592AA8AC5C00610D8B /* Model */,
				271AFF552AA8823100610D8B /* Service */,
				27A5365A2AA879B100B39EB7 /* AppDelegate.swift */,
				27A5365C2AA879B100B39EB7 /* SceneDelegate.swift */,
				27A5365E2AA879B100B39EB7 /* ViewController.swift */,
				27A536602AA879B100B39EB7 /* Main.storyboard */,
				27A536632AA879B200B39EB7 /* Assets.xcassets */,
				27A536652AA879B200B39EB7 /* LaunchScreen.storyboard */,
				27A536682AA879B200B39EB7 /* Info.plist */,
			);
			path = VascommTest;
			sourceTree = "<group>";
		};
		3656E0F65251050D37390DBA /* Frameworks */ = {
			isa = PBXGroup;
			children = (
				081951732D0169E88360F480 /* Pods_VascommTest.framework */,
			);
			name = Frameworks;
			sourceTree = "<group>";
		};
		822D951B0CB1814BF698E791 /* Pods */ = {
			isa = PBXGroup;
			children = (
				4AED7C51F31A82A9A632880E /* Pods-VascommTest.debug.xcconfig */,
				0B4C7ADF7DC6D8E69B13D9F1 /* Pods-VascommTest.release.xcconfig */,
			);
			path = Pods;
			sourceTree = "<group>";
		};
/* End PBXGroup section */

/* Begin PBXNativeTarget section */
		27A536562AA879B100B39EB7 /* VascommTest */ = {
			isa = PBXNativeTarget;
			buildConfigurationList = 27A5366B2AA879B200B39EB7 /* Build configuration list for PBXNativeTarget "VascommTest" */;
			buildPhases = (
				71B4ADEF098EBF8AADC72F57 /* [CP] Check Pods Manifest.lock */,
				27A536532AA879B100B39EB7 /* Sources */,
				27A536542AA879B100B39EB7 /* Frameworks */,
				27A536552AA879B100B39EB7 /* Resources */,
				FCEA072E272150A3CFCEAAA5 /* [CP] Embed Pods Frameworks */,
			);
			buildRules = (
			);
			dependencies = (
			);
			name = VascommTest;
			productName = VascommTest;
			productReference = 27A536572AA879B100B39EB7 /* VascommTest.app */;
			productType = "com.apple.product-type.application";
		};
/* End PBXNativeTarget section */

/* Begin PBXProject section */
		27A5364F2AA879B100B39EB7 /* Project object */ = {
			isa = PBXProject;
			attributes = {
				BuildIndependentTargetsInParallel = 1;
				LastSwiftUpdateCheck = 1430;
				LastUpgradeCheck = 1430;
				TargetAttributes = {
					27A536562AA879B100B39EB7 = {
						CreatedOnToolsVersion = 14.3.1;
					};
				};
			};
			buildConfigurationList = 27A536522AA879B100B39EB7 /* Build configuration list for PBXProject "VascommTest" */;
			compatibilityVersion = "Xcode 14.0";
			developmentRegion = en;
			hasScannedForEncodings = 0;
			knownRegions = (
				en,
				Base,
			);
			mainGroup = 27A5364E2AA879B100B39EB7;
			productRefGroup = 27A536582AA879B100B39EB7 /* Products */;
			projectDirPath = "";
			projectRoot = "";
			targets = (
				27A536562AA879B100B39EB7 /* VascommTest */,
			);
		};
/* End PBXProject section */

/* Begin PBXResourcesBuildPhase section */
		27A536552AA879B100B39EB7 /* Resources */ = {
			isa = PBXResourcesBuildPhase;
			buildActionMask = 2147483647;
			files = (
				27A536672AA879B200B39EB7 /* LaunchScreen.storyboard in Resources */,
				27A536642AA879B200B39EB7 /* Assets.xcassets in Resources */,
				27A536622AA879B100B39EB7 /* Main.storyboard in Resources */,
			);
			runOnlyForDeploymentPostprocessing = 0;
		};
/* End PBXResourcesBuildPhase section */

/* Begin PBXShellScriptBuildPhase section */
		71B4ADEF098EBF8AADC72F57 /* [CP] Check Pods Manifest.lock */ = {
			isa = PBXShellScriptBuildPhase;
			buildActionMask = 2147483647;
			files = (
			);
			inputFileListPaths = (
			);
			inputPaths = (
				"${PODS_PODFILE_DIR_PATH}/Podfile.lock",
				"${PODS_ROOT}/Manifest.lock",
			);
			name = "[CP] Check Pods Manifest.lock";
			outputFileListPaths = (
			);
			outputPaths = (
				"$(DERIVED_FILE_DIR)/Pods-VascommTest-checkManifestLockResult.txt",
			);
			runOnlyForDeploymentPostprocessing = 0;
			shellPath = /bin/sh;
			shellScript = "diff \"${PODS_PODFILE_DIR_PATH}/Podfile.lock\" \"${PODS_ROOT}/Manifest.lock\" > /dev/null\nif [ $? != 0 ] ; then\n    # print error to STDERR\n    echo \"error: The sandbox is not in sync with the Podfile.lock. Run 'pod install' or update your CocoaPods installation.\" >&2\n    exit 1\nfi\n# This output is used by Xcode 'outputs' to avoid re-running this script phase.\necho \"SUCCESS\" > \"${SCRIPT_OUTPUT_FILE_0}\"\n";
			showEnvVarsInLog = 0;
		};
		FCEA072E272150A3CFCEAAA5 /* [CP] Embed Pods Frameworks */ = {
			isa = PBXShellScriptBuildPhase;
			buildActionMask = 2147483647;
			files = (
			);
			inputFileListPaths = (
				"${PODS_ROOT}/Target Support Files/Pods-VascommTest/Pods-VascommTest-frameworks-${CONFIGURATION}-input-files.xcfilelist",
			);
			name = "[CP] Embed Pods Frameworks";
			outputFileListPaths = (
				"${PODS_ROOT}/Target Support Files/Pods-VascommTest/Pods-VascommTest-frameworks-${CONFIGURATION}-output-files.xcfilelist",
			);
			runOnlyForDeploymentPostprocessing = 0;
			shellPath = /bin/sh;
			shellScript = "\"${PODS_ROOT}/Target Support Files/Pods-VascommTest/Pods-VascommTest-frameworks.sh\"\n";
			showEnvVarsInLog = 0;
		};
/* End PBXShellScriptBuildPhase section */

/* Begin PBXSourcesBuildPhase section */
		27A536532AA879B100B39EB7 /* Sources */ = {
			isa = PBXSourcesBuildPhase;
			buildActionMask = 2147483647;
			files = (
				271AFF662AA8AF8F00610D8B /* RequestModelProtocol.swift in Sources */,
				271AFF642AA8ADA000610D8B /* AuthEndpoint.swift in Sources */,
				271AFF692AA8AFB500610D8B /* AppError.swift in Sources */,
				27A5365F2AA879B100B39EB7 /* ViewController.swift in Sources */,
				27A5365B2AA879B100B39EB7 /* AppDelegate.swift in Sources */,
				271AFF582AA8866200610D8B /* NetworkService.swift in Sources */,
				271AFF6B2AA8B05500610D8B /* KeychainManager.swift in Sources */,
				271AFF5F2AA8ACB900610D8B /* LoginRequestModel.swift in Sources */,
				27A5365D2AA879B100B39EB7 /* SceneDelegate.swift in Sources */,
				271AFF5B2AA8AC6D00610D8B /* LoginResponse.swift in Sources */,
				271AFF622AA8ACEC00610D8B /* EndpointProtocol.swift in Sources */,
			);
			runOnlyForDeploymentPostprocessing = 0;
		};
/* End PBXSourcesBuildPhase section */

/* Begin PBXVariantGroup section */
		27A536602AA879B100B39EB7 /* Main.storyboard */ = {
			isa = PBXVariantGroup;
			children = (
				27A536612AA879B100B39EB7 /* Base */,
			);
			name = Main.storyboard;
			sourceTree = "<group>";
		};
		27A536652AA879B200B39EB7 /* LaunchScreen.storyboard */ = {
			isa = PBXVariantGroup;
			children = (
				27A536662AA879B200B39EB7 /* Base */,
			);
			name = LaunchScreen.storyboard;
			sourceTree = "<group>";
		};
/* End PBXVariantGroup section */

/* Begin XCBuildConfiguration section */
		27A536692AA879B200B39EB7 /* Debug */ = {
			isa = XCBuildConfiguration;
			buildSettings = {
				ALWAYS_SEARCH_USER_PATHS = NO;
				CLANG_ANALYZER_NONNULL = YES;
				CLANG_ANALYZER_NUMBER_OBJECT_CONVERSION = YES_AGGRESSIVE;
				CLANG_CXX_LANGUAGE_STANDARD = "gnu++20";
				CLANG_ENABLE_MODULES = YES;
				CLANG_ENABLE_OBJC_ARC = YES;
				CLANG_ENABLE_OBJC_WEAK = YES;
				CLANG_WARN_BLOCK_CAPTURE_AUTORELEASING = YES;
				CLANG_WARN_BOOL_CONVERSION = YES;
				CLANG_WARN_COMMA = YES;
				CLANG_WARN_CONSTANT_CONVERSION = YES;
				CLANG_WARN_DEPRECATED_OBJC_IMPLEMENTATIONS = YES;
				CLANG_WARN_DIRECT_OBJC_ISA_USAGE = YES_ERROR;
				CLANG_WARN_DOCUMENTATION_COMMENTS = YES;
				CLANG_WARN_EMPTY_BODY = YES;
				CLANG_WARN_ENUM_CONVERSION = YES;
				CLANG_WARN_INFINITE_RECURSION = YES;
				CLANG_WARN_INT_CONVERSION = YES;
				CLANG_WARN_NON_LITERAL_NULL_CONVERSION = YES;
				CLANG_WARN_OBJC_IMPLICIT_RETAIN_SELF = YES;
				CLANG_WARN_OBJC_LITERAL_CONVERSION = YES;
				CLANG_WARN_OBJC_ROOT_CLASS = YES_ERROR;
				CLANG_WARN_QUOTED_INCLUDE_IN_FRAMEWORK_HEADER = YES;
				CLANG_WARN_RANGE_LOOP_ANALYSIS = YES;
				CLANG_WARN_STRICT_PROTOTYPES = YES;
				CLANG_WARN_SUSPICIOUS_MOVE = YES;
				CLANG_WARN_UNGUARDED_AVAILABILITY = YES_AGGRESSIVE;
				CLANG_WARN_UNREACHABLE_CODE = YES;
				CLANG_WARN__DUPLICATE_METHOD_MATCH = YES;
				COPY_PHASE_STRIP = NO;
				DEBUG_INFORMATION_FORMAT = dwarf;
				ENABLE_STRICT_OBJC_MSGSEND = YES;
				ENABLE_TESTABILITY = YES;
				GCC_C_LANGUAGE_STANDARD = gnu11;
				GCC_DYNAMIC_NO_PIC = NO;
				GCC_NO_COMMON_BLOCKS = YES;
				GCC_OPTIMIZATION_LEVEL = 0;
				GCC_PREPROCESSOR_DEFINITIONS = (
					"DEBUG=1",
					"$(inherited)",
				);
				GCC_WARN_64_TO_32_BIT_CONVERSION = YES;
				GCC_WARN_ABOUT_RETURN_TYPE = YES_ERROR;
				GCC_WARN_UNDECLARED_SELECTOR = YES;
				GCC_WARN_UNINITIALIZED_AUTOS = YES_AGGRESSIVE;
				GCC_WARN_UNUSED_FUNCTION = YES;
				GCC_WARN_UNUSED_VARIABLE = YES;
				IPHONEOS_DEPLOYMENT_TARGET = 13.0;
				MTL_ENABLE_DEBUG_INFO = INCLUDE_SOURCE;
				MTL_FAST_MATH = YES;
				ONLY_ACTIVE_ARCH = YES;
				SDKROOT = iphoneos;
				SWIFT_ACTIVE_COMPILATION_CONDITIONS = DEBUG;
				SWIFT_OPTIMIZATION_LEVEL = "-Onone";
			};
			name = Debug;
		};
		27A5366A2AA879B200B39EB7 /* Release */ = {
			isa = XCBuildConfiguration;
			buildSettings = {
				ALWAYS_SEARCH_USER_PATHS = NO;
				CLANG_ANALYZER_NONNULL = YES;
				CLANG_ANALYZER_NUMBER_OBJECT_CONVERSION = YES_AGGRESSIVE;
				CLANG_CXX_LANGUAGE_STANDARD = "gnu++20";
				CLANG_ENABLE_MODULES = YES;
				CLANG_ENABLE_OBJC_ARC = YES;
				CLANG_ENABLE_OBJC_WEAK = YES;
				CLANG_WARN_BLOCK_CAPTURE_AUTORELEASING = YES;
				CLANG_WARN_BOOL_CONVERSION = YES;
				CLANG_WARN_COMMA = YES;
				CLANG_WARN_CONSTANT_CONVERSION = YES;
				CLANG_WARN_DEPRECATED_OBJC_IMPLEMENTATIONS = YES;
				CLANG_WARN_DIRECT_OBJC_ISA_USAGE = YES_ERROR;
				CLANG_WARN_DOCUMENTATION_COMMENTS = YES;
				CLANG_WARN_EMPTY_BODY = YES;
				CLANG_WARN_ENUM_CONVERSION = YES;
				CLANG_WARN_INFINITE_RECURSION = YES;
				CLANG_WARN_INT_CONVERSION = YES;
				CLANG_WARN_NON_LITERAL_NULL_CONVERSION = YES;
				CLANG_WARN_OBJC_IMPLICIT_RETAIN_SELF = YES;
				CLANG_WARN_OBJC_LITERAL_CONVERSION = YES;
				CLANG_WARN_OBJC_ROOT_CLASS = YES_ERROR;
				CLANG_WARN_QUOTED_INCLUDE_IN_FRAMEWORK_HEADER = YES;
				CLANG_WARN_RANGE_LOOP_ANALYSIS = YES;
				CLANG_WARN_STRICT_PROTOTYPES = YES;
				CLANG_WARN_SUSPICIOUS_MOVE = YES;
				CLANG_WARN_UNGUARDED_AVAILABILITY = YES_AGGRESSIVE;
				CLANG_WARN_UNREACHABLE_CODE = YES;
				CLANG_WARN__DUPLICATE_METHOD_MATCH = YES;
				COPY_PHASE_STRIP = NO;
				DEBUG_INFORMATION_FORMAT = "dwarf-with-dsym";
				ENABLE_NS_ASSERTIONS = NO;
				ENABLE_STRICT_OBJC_MSGSEND = YES;
				GCC_C_LANGUAGE_STANDARD = gnu11;
				GCC_NO_COMMON_BLOCKS = YES;
				GCC_WARN_64_TO_32_BIT_CONVERSION = YES;
				GCC_WARN_ABOUT_RETURN_TYPE = YES_ERROR;
				GCC_WARN_UNDECLARED_SELECTOR = YES;
				GCC_WARN_UNINITIALIZED_AUTOS = YES_AGGRESSIVE;
				GCC_WARN_UNUSED_FUNCTION = YES;
				GCC_WARN_UNUSED_VARIABLE = YES;
				IPHONEOS_DEPLOYMENT_TARGET = 13.0;
				MTL_ENABLE_DEBUG_INFO = NO;
				MTL_FAST_MATH = YES;
				SDKROOT = iphoneos;
				SWIFT_COMPILATION_MODE = wholemodule;
				SWIFT_OPTIMIZATION_LEVEL = "-O";
				VALIDATE_PRODUCT = YES;
			};
			name = Release;
		};
		27A5366C2AA879B200B39EB7 /* Debug */ = {
			isa = XCBuildConfiguration;
			baseConfigurationReference = 4AED7C51F31A82A9A632880E /* Pods-VascommTest.debug.xcconfig */;
			buildSettings = {
				ASSETCATALOG_COMPILER_APPICON_NAME = AppIcon;
				ASSETCATALOG_COMPILER_GLOBAL_ACCENT_COLOR_NAME = AccentColor;
				CODE_SIGN_STYLE = Automatic;
				CURRENT_PROJECT_VERSION = 1;
				GENERATE_INFOPLIST_FILE = YES;
				INFOPLIST_FILE = VascommTest/Info.plist;
				INFOPLIST_KEY_UIApplicationSupportsIndirectInputEvents = YES;
				INFOPLIST_KEY_UILaunchStoryboardName = LaunchScreen;
				INFOPLIST_KEY_UIMainStoryboardFile = Main;
				INFOPLIST_KEY_UISupportedInterfaceOrientations_iPad = "UIInterfaceOrientationPortrait UIInterfaceOrientationPortraitUpsideDown UIInterfaceOrientationLandscapeLeft UIInterfaceOrientationLandscapeRight";
				INFOPLIST_KEY_UISupportedInterfaceOrientations_iPhone = "UIInterfaceOrientationPortrait UIInterfaceOrientationLandscapeLeft UIInterfaceOrientationLandscapeRight";
				LD_RUNPATH_SEARCH_PATHS = (
					"$(inherited)",
					"@executable_path/Frameworks",
				);
				MARKETING_VERSION = 1.0;
				PRODUCT_BUNDLE_IDENTIFIER = com.septiadi.VascommTest;
				PRODUCT_NAME = "$(TARGET_NAME)";
				SWIFT_EMIT_LOC_STRINGS = YES;
				SWIFT_VERSION = 5.0;
				TARGETED_DEVICE_FAMILY = "1,2";
			};
			name = Debug;
		};
		27A5366D2AA879B200B39EB7 /* Release */ = {
			isa = XCBuildConfiguration;
			baseConfigurationReference = 0B4C7ADF7DC6D8E69B13D9F1 /* Pods-VascommTest.release.xcconfig */;
			buildSettings = {
				ASSETCATALOG_COMPILER_APPICON_NAME = AppIcon;
				ASSETCATALOG_COMPILER_GLOBAL_ACCENT_COLOR_NAME = AccentColor;
				CODE_SIGN_STYLE = Automatic;
				CURRENT_PROJECT_VERSION = 1;
				GENERATE_INFOPLIST_FILE = YES;
				INFOPLIST_FILE = VascommTest/Info.plist;
				INFOPLIST_KEY_UIApplicationSupportsIndirectInputEvents = YES;
				INFOPLIST_KEY_UILaunchStoryboardName = LaunchScreen;
				INFOPLIST_KEY_UIMainStoryboardFile = Main;
				INFOPLIST_KEY_UISupportedInterfaceOrientations_iPad = "UIInterfaceOrientationPortrait UIInterfaceOrientationPortraitUpsideDown UIInterfaceOrientationLandscapeLeft UIInterfaceOrientationLandscapeRight";
				INFOPLIST_KEY_UISupportedInterfaceOrientations_iPhone = "UIInterfaceOrientationPortrait UIInterfaceOrientationLandscapeLeft UIInterfaceOrientationLandscapeRight";
				LD_RUNPATH_SEARCH_PATHS = (
					"$(inherited)",
					"@executable_path/Frameworks",
				);
				MARKETING_VERSION = 1.0;
				PRODUCT_BUNDLE_IDENTIFIER = com.septiadi.VascommTest;
				PRODUCT_NAME = "$(TARGET_NAME)";
				SWIFT_EMIT_LOC_STRINGS = YES;
				SWIFT_VERSION = 5.0;
				TARGETED_DEVICE_FAMILY = "1,2";
			};
			name = Release;
		};
/* End XCBuildConfiguration section */

/* Begin XCConfigurationList section */
		27A536522AA879B100B39EB7 /* Build configuration list for PBXProject "VascommTest" */ = {
			isa = XCConfigurationList;
			buildConfigurations = (
				27A536692AA879B200B39EB7 /* Debug */,
				27A5366A2AA879B200B39EB7 /* Release */,
			);
			defaultConfigurationIsVisible = 0;
			defaultConfigurationName = Release;
		};
		27A5366B2AA879B200B39EB7 /* Build configuration list for PBXNativeTarget "VascommTest" */ = {
			isa = XCConfigurationList;
			buildConfigurations = (
				27A5366C2AA879B200B39EB7 /* Debug */,
				27A5366D2AA879B200B39EB7 /* Release */,
			);
			defaultConfigurationIsVisible = 0;
			defaultConfigurationName = Release;
		};
/* End XCConfigurationList section */
	};
	rootObject = 27A5364F2AA879B100B39EB7 /* Project object */;
}
